{
  "name": "ejercicios-SG",
  "version": "1.0.0",
  "lockfileVersion": 1,
  "requires": true,
  "dependencies": {
    "@types/dat.gui": {
      "version": "0.7.6",
      "resolved": "https://registry.npmjs.org/@types/dat.gui/-/dat.gui-0.7.6.tgz",
      "integrity": "sha512-Dx9f9CkXJkDAxt9M05vc7DItSqsiEhWN7Rx3vgO/maltv/nX9TaMX2sd/iAMENnL1D5FivetktJEyCBLFu50CQ==",
      "dev": true
    },
    "@types/three": {
      "version": "0.126.0",
      "resolved": "https://registry.npmjs.org/@types/three/-/three-0.126.0.tgz",
      "integrity": "sha512-C7cFOWQpcGQAJ0PJSdU6ncZFn51fWKaV8o1Dz2fvikFRGWY8cI5/M/q5JHX7/TzCfMRadLP690Ksh8QvanSW8Q==",
      "dev": true
    },
    "@types/three-dat.gui": {
      "version": "2.0.0",
      "resolved": "https://registry.npmjs.org/@types/three-dat.gui/-/three-dat.gui-2.0.0.tgz",
      "integrity": "sha512-Ze6AsFmblMS25KZR4ibPLl6LaSMU0LSl5pZCruDyK70yCGJ6MUyfBzrVbzPl4Wf3nGGB1MgS4lKOp3inpe1xxw==",
      "dev": true,
      "requires": {
        "three": "*"
      }
    },
    "three": {
      "version": "0.126.1",
      "resolved": "https://registry.npmjs.org/three/-/three-0.126.1.tgz",
      "integrity": "sha512-eOEXnZeE1FDV0XgL1u08auIP13jxdN9LQBAEmlErYzMxtIIfuGIAZbijOyookALUhqVzVOx0Tywj6n192VM+nQ==",
      "dev": true
    }
  }
}
